{
  "object": {
    "pins": [
      {
        "package": "CleevioCore",
        "repositoryURL": "https://github.com/cleevio/CleevioCore.git",
        "state": {
          "branch": null,
          "revision": "593b5d1011ad0aa6963ea2d8bf2ddc5e59caa917",
          "version": "2.1.7"
        }
      },
      {
        "package": "FloatingPanel",
        "repositoryURL": "https://github.com/scenee/FloatingPanel",
        "state": {
          "branch": null,
          "revision": "2a29cb5b3ecf4beb67cf524a030dd74a11b956c4",
          "version": "2.6.1"
        }
      },
      {
        "package": "swift-collections",
        "repositoryURL": "https://github.com/apple/swift-collections",
        "state": {
          "branch": null,
          "revision": "937e904258d22af6e447a0b72c0bc67583ef64a2",
          "version": "1.0.4"
        }
      }
    ]
  },
  "version": 1
}
