{
  "object": {
    "pins": [
      {
        "package": "CleevioCore",
        "repositoryURL": "git@gitlab.cleevio.cz:cleevio-dev-ios/CleevioCore",
        "state": {
          "branch": "feature/new-coordinators",
          "revision": "fe493e5416258d571124b4ca3e3f7f83868f462f",
          "version": null
        }
      },
      {
        "package": "FloatingPanel",
        "repositoryURL": "https://github.com/scenee/FloatingPanel",
        "state": {
          "branch": null,
          "revision": "2a29cb5b3ecf4beb67cf524a030dd74a11b956c4",
          "version": "2.6.1"
        }
      }
    ]
  },
  "version": 1
}
