{
  "object": {
    "pins": [
      {
        "package": "CleevioCore",
        "repositoryURL": "git@gitlab.cleevio.cz:cleevio-dev-ios/CleevioCore",
        "state": {
          "branch": null,
          "revision": "176a1ac517a001a3fc31a75f656bb8c1ed11e854",
          "version": "2.0.0"
        }
      },
      {
        "package": "FloatingPanel",
        "repositoryURL": "https://github.com/scenee/FloatingPanel",
        "state": {
          "branch": null,
          "revision": "2a29cb5b3ecf4beb67cf524a030dd74a11b956c4",
          "version": "2.6.1"
        }
      },
      {
        "package": "swift-collections",
        "repositoryURL": "https://github.com/apple/swift-collections",
        "state": {
          "branch": null,
          "revision": "3d2dc41a01f9e49d84f0a3925fb858bed64f702d",
          "version": "1.1.2"
        }
      }
    ]
  },
  "version": 1
}
